
Microsoft Visual Studio Solution File, Format Version 12.00
# Visual Studio Version 16
VisualStudioVersion = 16.0.28803.352
MinimumVisualStudioVersion = 10.0.40219.1
Project("{2150E333-8FDC-42A3-9474-1A3956D46DE8}") = "Src", "Src", "{2D189EC5-9022-46A8-846D-14349A95B16D}"
EndProject
Project("{2150E333-8FDC-42A3-9474-1A3956D46DE8}") = "Common", "Common", "{3861A370-266F-44F4-A0EC-07847AD3378A}"
	ProjectSection(SolutionItems) = preProject
		Readme.md = Readme.md
	EndProjectSection
EndProject
Project("{2150E333-8FDC-42A3-9474-1A3956D46DE8}") = "Core", "Core", "{1812ACE8-8AA2-4794-9014-939299B36DB9}"
EndProject
Project("{2150E333-8FDC-42A3-9474-1A3956D46DE8}") = "Infrastructure", "Infrastructure", "{319FD11D-AEC6-4DC6-BB1D-466644084C96}"
EndProject
Project("{2150E333-8FDC-42A3-9474-1A3956D46DE8}") = "Presentation", "Presentation", "{D09C1B41-9FD4-4FD4-8870-A6AE761D181B}"
EndProject
Project("{9A19103F-16F7-4668-BE54-9A1E7A4F7556}") = "OSJK.Common", "OSJK.Common\OSJK.Common.csproj", "{AFAE2C28-98E9-4ABE-8DD1-600CCDC3E838}"
EndProject
Project("{9A19103F-16F7-4668-BE54-9A1E7A4F7556}") = "OSJK.Application", "OSJK.Application\OSJK.Application.csproj", "{B9D0C6BE-D201-41AA-9A7C-B608CB4764CF}"
EndProject
Project("{9A19103F-16F7-4668-BE54-9A1E7A4F7556}") = "OSJK.Domain", "OSJK.Domain\OSJK.Domain.csproj", "{745D14FE-BFE8-448F-A349-EAFA1A16FB94}"
EndProject
Project("{9A19103F-16F7-4668-BE54-9A1E7A4F7556}") = "OSJK.Infrastructure", "OSJK.Infrastructure\OSJK.Infrastructure.csproj", "{AB3F75AC-90A6-41C8-B944-3009F1B654A5}"
EndProject
Project("{9A19103F-16F7-4668-BE54-9A1E7A4F7556}") = "OSJK.Persistence", "OSJK.Persistence\OSJK.Persistence.csproj", "{92F079F6-2FEF-436C-9478-EED5ADDC4067}"
EndProject
Project("{9A19103F-16F7-4668-BE54-9A1E7A4F7556}") = "OSJK.Admin", "OSJK.Admin\OSJK.Admin.csproj", "{3CDFF126-A7BA-4A2D-A6BE-555626E21533}"
EndProject
Project("{2150E333-8FDC-42A3-9474-1A3956D46DE8}") = "Documentation", "Documentation", "{EE98BA5D-FAEA-4CD0-BA7D-D7F01F567F99}"
EndProject
Project("{2150E333-8FDC-42A3-9474-1A3956D46DE8}") = "Tests", "Tests", "{C4B426E6-32E7-41E9-A0E2-D0E498C468E6}"
EndProject
Project("{FAE04EC0-301F-11D3-BF4B-00C04F79EFBC}") = "OSJK.Public", "OSJK.Public\OSJK.Public.csproj", "{F7505C00-B9EA-4F42-A39F-216E826D6A00}"
EndProject
Global
	GlobalSection(SolutionConfigurationPlatforms) = preSolution
		Debug|Any CPU = Debug|Any CPU
		Release|Any CPU = Release|Any CPU
	EndGlobalSection
	GlobalSection(ProjectConfigurationPlatforms) = postSolution
		{AFAE2C28-98E9-4ABE-8DD1-600CCDC3E838}.Debug|Any CPU.ActiveCfg = Debug|Any CPU
		{AFAE2C28-98E9-4ABE-8DD1-600CCDC3E838}.Debug|Any CPU.Build.0 = Debug|Any CPU
		{AFAE2C28-98E9-4ABE-8DD1-600CCDC3E838}.Release|Any CPU.ActiveCfg = Release|Any CPU
		{AFAE2C28-98E9-4ABE-8DD1-600CCDC3E838}.Release|Any CPU.Build.0 = Release|Any CPU
		{B9D0C6BE-D201-41AA-9A7C-B608CB4764CF}.Debug|Any CPU.ActiveCfg = Debug|Any CPU
		{B9D0C6BE-D201-41AA-9A7C-B608CB4764CF}.Debug|Any CPU.Build.0 = Debug|Any CPU
		{B9D0C6BE-D201-41AA-9A7C-B608CB4764CF}.Release|Any CPU.ActiveCfg = Release|Any CPU
		{B9D0C6BE-D201-41AA-9A7C-B608CB4764CF}.Release|Any CPU.Build.0 = Release|Any CPU
		{745D14FE-BFE8-448F-A349-EAFA1A16FB94}.Debug|Any CPU.ActiveCfg = Debug|Any CPU
		{745D14FE-BFE8-448F-A349-EAFA1A16FB94}.Debug|Any CPU.Build.0 = Debug|Any CPU
		{745D14FE-BFE8-448F-A349-EAFA1A16FB94}.Release|Any CPU.ActiveCfg = Release|Any CPU
		{745D14FE-BFE8-448F-A349-EAFA1A16FB94}.Release|Any CPU.Build.0 = Release|Any CPU
		{AB3F75AC-90A6-41C8-B944-3009F1B654A5}.Debug|Any CPU.ActiveCfg = Debug|Any CPU
		{AB3F75AC-90A6-41C8-B944-3009F1B654A5}.Debug|Any CPU.Build.0 = Debug|Any CPU
		{AB3F75AC-90A6-41C8-B944-3009F1B654A5}.Release|Any CPU.ActiveCfg = Release|Any CPU
		{AB3F75AC-90A6-41C8-B944-3009F1B654A5}.Release|Any CPU.Build.0 = Release|Any CPU
		{92F079F6-2FEF-436C-9478-EED5ADDC4067}.Debug|Any CPU.ActiveCfg = Debug|Any CPU
		{92F079F6-2FEF-436C-9478-EED5ADDC4067}.Debug|Any CPU.Build.0 = Debug|Any CPU
		{92F079F6-2FEF-436C-9478-EED5ADDC4067}.Release|Any CPU.ActiveCfg = Release|Any CPU
		{92F079F6-2FEF-436C-9478-EED5ADDC4067}.Release|Any CPU.Build.0 = Release|Any CPU
		{3CDFF126-A7BA-4A2D-A6BE-555626E21533}.Debug|Any CPU.ActiveCfg = Debug|Any CPU
		{3CDFF126-A7BA-4A2D-A6BE-555626E21533}.Debug|Any CPU.Build.0 = Debug|Any CPU
		{3CDFF126-A7BA-4A2D-A6BE-555626E21533}.Release|Any CPU.ActiveCfg = Release|Any CPU
		{3CDFF126-A7BA-4A2D-A6BE-555626E21533}.Release|Any CPU.Build.0 = Release|Any CPU
		{F7505C00-B9EA-4F42-A39F-216E826D6A00}.Debug|Any CPU.ActiveCfg = Debug|Any CPU
		{F7505C00-B9EA-4F42-A39F-216E826D6A00}.Debug|Any CPU.Build.0 = Debug|Any CPU
		{F7505C00-B9EA-4F42-A39F-216E826D6A00}.Release|Any CPU.ActiveCfg = Release|Any CPU
		{F7505C00-B9EA-4F42-A39F-216E826D6A00}.Release|Any CPU.Build.0 = Release|Any CPU
	EndGlobalSection
	GlobalSection(SolutionProperties) = preSolution
		HideSolutionNode = FALSE
	EndGlobalSection
	GlobalSection(NestedProjects) = preSolution
		{3861A370-266F-44F4-A0EC-07847AD3378A} = {2D189EC5-9022-46A8-846D-14349A95B16D}
		{1812ACE8-8AA2-4794-9014-939299B36DB9} = {2D189EC5-9022-46A8-846D-14349A95B16D}
		{319FD11D-AEC6-4DC6-BB1D-466644084C96} = {2D189EC5-9022-46A8-846D-14349A95B16D}
		{D09C1B41-9FD4-4FD4-8870-A6AE761D181B} = {2D189EC5-9022-46A8-846D-14349A95B16D}
		{AFAE2C28-98E9-4ABE-8DD1-600CCDC3E838} = {3861A370-266F-44F4-A0EC-07847AD3378A}
		{B9D0C6BE-D201-41AA-9A7C-B608CB4764CF} = {1812ACE8-8AA2-4794-9014-939299B36DB9}
		{745D14FE-BFE8-448F-A349-EAFA1A16FB94} = {1812ACE8-8AA2-4794-9014-939299B36DB9}
		{AB3F75AC-90A6-41C8-B944-3009F1B654A5} = {319FD11D-AEC6-4DC6-BB1D-466644084C96}
		{92F079F6-2FEF-436C-9478-EED5ADDC4067} = {319FD11D-AEC6-4DC6-BB1D-466644084C96}
		{3CDFF126-A7BA-4A2D-A6BE-555626E21533} = {D09C1B41-9FD4-4FD4-8870-A6AE761D181B}
		{F7505C00-B9EA-4F42-A39F-216E826D6A00} = {D09C1B41-9FD4-4FD4-8870-A6AE761D181B}
	EndGlobalSection
	GlobalSection(ExtensibilityGlobals) = postSolution
		SolutionGuid = {061A9D63-5FB0-48DA-9B26-AF6F1C79EA76}
	EndGlobalSection
EndGlobal
